// !$*UTF8*$!
{
	archiveVersion = 1;
	classes = {
	};
	objectVersion = 50;
	objects = {

/* Begin PBXBuildFile section */
		0A31FCE420C4C919009D1AEC /* UIStoryboard+Instance.swift in Sources */ = {isa = PBXBuildFile; fileRef = 0A31FCE320C4C919009D1AEC /* UIStoryboard+Instance.swift */; };
		0A31FCE620C4C937009D1AEC /* NSObject+ClassName.swift in Sources */ = {isa = PBXBuildFile; fileRef = 0A31FCE520C4C937009D1AEC /* NSObject+ClassName.swift */; };
		0A31FCE820C4C963009D1AEC /* WeekViewController.swift in Sources */ = {isa = PBXBuildFile; fileRef = 0A31FCE720C4C963009D1AEC /* WeekViewController.swift */; };
		0A31FCEA20C4C973009D1AEC /* WeekViewController.storyboard in Resources */ = {isa = PBXBuildFile; fileRef = 0A31FCE920C4C973009D1AEC /* WeekViewController.storyboard */; };
		0A31FCEC20C4FDDE009D1AEC /* WeekCell.swift in Sources */ = {isa = PBXBuildFile; fileRef = 0A31FCEB20C4FDDD009D1AEC /* WeekCell.swift */; };
		0A31FCEE20C52158009D1AEC /* Model.swift in Sources */ = {isa = PBXBuildFile; fileRef = 0A31FCED20C52157009D1AEC /* Model.swift */; };
		0A31FCF020C52176009D1AEC /* Date+prevAndNext.swift in Sources */ = {isa = PBXBuildFile; fileRef = 0A31FCEF20C52176009D1AEC /* Date+prevAndNext.swift */; };
		0A31FCF220C5218B009D1AEC /* MonthCell.swift in Sources */ = {isa = PBXBuildFile; fileRef = 0A31FCF120C5218B009D1AEC /* MonthCell.swift */; };
		0A31FCF420C52AAE009D1AEC /* ScheduleCell.swift in Sources */ = {isa = PBXBuildFile; fileRef = 0A31FCF320C52AAE009D1AEC /* ScheduleCell.swift */; };
		0A57C33720C10FC300660A40 /* AppDelegate.swift in Sources */ = {isa = PBXBuildFile; fileRef = 0A57C33620C10FC300660A40 /* AppDelegate.swift */; };
		0A57C33920C10FC300660A40 /* ViewController.swift in Sources */ = {isa = PBXBuildFile; fileRef = 0A57C33820C10FC300660A40 /* ViewController.swift */; };
		0A57C33E20C10FC600660A40 /* Assets.xcassets in Resources */ = {isa = PBXBuildFile; fileRef = 0A57C33D20C10FC600660A40 /* Assets.xcassets */; };
		0A57C34120C10FC600660A40 /* LaunchScreen.storyboard in Resources */ = {isa = PBXBuildFile; fileRef = 0A57C33F20C10FC600660A40 /* LaunchScreen.storyboard */; };
		0A84F57220C1377B00D1F41C /* Main.storyboard in Resources */ = {isa = PBXBuildFile; fileRef = 0A84F57120C1377B00D1F41C /* Main.storyboard */; };
		0A84F57420C1466A00D1F41C /* Date+toString.swift in Sources */ = {isa = PBXBuildFile; fileRef = 0A84F57320C1466A00D1F41C /* Date+toString.swift */; };
/* End PBXBuildFile section */

/* Begin PBXFileReference section */
		0A31FCE320C4C919009D1AEC /* UIStoryboard+Instance.swift */ = {isa = PBXFileReference; lastKnownFileType = sourcecode.swift; path = "UIStoryboard+Instance.swift"; sourceTree = "<group>"; };
		0A31FCE520C4C937009D1AEC /* NSObject+ClassName.swift */ = {isa = PBXFileReference; lastKnownFileType = sourcecode.swift; path = "NSObject+ClassName.swift"; sourceTree = "<group>"; };
		0A31FCE720C4C963009D1AEC /* WeekViewController.swift */ = {isa = PBXFileReference; lastKnownFileType = sourcecode.swift; path = WeekViewController.swift; sourceTree = "<group>"; };
		0A31FCE920C4C973009D1AEC /* WeekViewController.storyboard */ = {isa = PBXFileReference; lastKnownFileType = file.storyboard; path = WeekViewController.storyboard; sourceTree = "<group>"; };
		0A31FCEB20C4FDDD009D1AEC /* WeekCell.swift */ = {isa = PBXFileReference; lastKnownFileType = sourcecode.swift; path = WeekCell.swift; sourceTree = "<group>"; };
		0A31FCED20C52157009D1AEC /* Model.swift */ = {isa = PBXFileReference; fileEncoding = 4; lastKnownFileType = sourcecode.swift; path = Model.swift; sourceTree = "<group>"; };
		0A31FCEF20C52176009D1AEC /* Date+prevAndNext.swift */ = {isa = PBXFileReference; fileEncoding = 4; lastKnownFileType = sourcecode.swift; path = "Date+prevAndNext.swift"; sourceTree = "<group>"; };
		0A31FCF120C5218B009D1AEC /* MonthCell.swift */ = {isa = PBXFileReference; fileEncoding = 4; lastKnownFileType = sourcecode.swift; path = MonthCell.swift; sourceTree = "<group>"; };
		0A31FCF320C52AAE009D1AEC /* ScheduleCell.swift */ = {isa = PBXFileReference; lastKnownFileType = sourcecode.swift; path = ScheduleCell.swift; sourceTree = "<group>"; };
		0A57C33320C10FC300660A40 /* AppleCalendarSample.app */ = {isa = PBXFileReference; explicitFileType = wrapper.application; includeInIndex = 0; path = AppleCalendarSample.app; sourceTree = BUILT_PRODUCTS_DIR; };
		0A57C33620C10FC300660A40 /* AppDelegate.swift */ = {isa = PBXFileReference; lastKnownFileType = sourcecode.swift; path = AppDelegate.swift; sourceTree = "<group>"; };
		0A57C33820C10FC300660A40 /* ViewController.swift */ = {isa = PBXFileReference; lastKnownFileType = sourcecode.swift; name = ViewController.swift; path = "../New Group/ViewController.swift"; sourceTree = "<group>"; };
		0A57C33D20C10FC600660A40 /* Assets.xcassets */ = {isa = PBXFileReference; lastKnownFileType = folder.assetcatalog; path = Assets.xcassets; sourceTree = "<group>"; };
		0A57C34020C10FC600660A40 /* Base */ = {isa = PBXFileReference; lastKnownFileType = file.storyboard; name = Base; path = Base.lproj/LaunchScreen.storyboard; sourceTree = "<group>"; };
		0A57C34220C10FC600660A40 /* Info.plist */ = {isa = PBXFileReference; lastKnownFileType = text.plist.xml; path = Info.plist; sourceTree = "<group>"; };
		0A84F57120C1377B00D1F41C /* Main.storyboard */ = {isa = PBXFileReference; lastKnownFileType = file.storyboard; path = Main.storyboard; sourceTree = "<group>"; };
		0A84F57320C1466A00D1F41C /* Date+toString.swift */ = {isa = PBXFileReference; lastKnownFileType = sourcecode.swift; path = "Date+toString.swift"; sourceTree = "<group>"; };
/* End PBXFileReference section */

/* Begin PBXFrameworksBuildPhase section */
		0A57C33020C10FC300660A40 /* Frameworks */ = {
			isa = PBXFrameworksBuildPhase;
			buildActionMask = 2147483647;
			files = (
			);
			runOnlyForDeploymentPostprocessing = 0;
		};
/* End PBXFrameworksBuildPhase section */

/* Begin PBXGroup section */
		0A57C32A20C10FC300660A40 = {
			isa = PBXGroup;
			children = (
				0A57C33520C10FC300660A40 /* AppleCalendarSample */,
				0A57C33420C10FC300660A40 /* Products */,
			);
			sourceTree = "<group>";
		};
		0A57C33420C10FC300660A40 /* Products */ = {
			isa = PBXGroup;
			children = (
				0A57C33320C10FC300660A40 /* AppleCalendarSample.app */,
			);
			name = Products;
			sourceTree = "<group>";
		};
		0A57C33520C10FC300660A40 /* AppleCalendarSample */ = {
			isa = PBXGroup;
			children = (
				0A57C34B20C1191000660A40 /* Extension */,
				0A57C34820C1128300660A40 /* Model */,
				0A57C34E20C1354300660A40 /* ViewController */,
				0A57C34F20C1368500660A40 /* View */,
				0A57C33D20C10FC600660A40 /* Assets.xcassets */,
				0A57C33620C10FC300660A40 /* AppDelegate.swift */,
				0A57C33F20C10FC600660A40 /* LaunchScreen.storyboard */,
				0A57C34220C10FC600660A40 /* Info.plist */,
			);
			path = AppleCalendarSample;
			sourceTree = "<group>";
		};
		0A57C34820C1128300660A40 /* Model */ = {
			isa = PBXGroup;
			children = (
				0A31FCED20C52157009D1AEC /* Model.swift */,
			);
			path = Model;
			sourceTree = "<group>";
		};
		0A57C34B20C1191000660A40 /* Extension */ = {
			isa = PBXGroup;
			children = (
				0A31FCEF20C52176009D1AEC /* Date+prevAndNext.swift */,
				0A84F57320C1466A00D1F41C /* Date+toString.swift */,
				0A31FCE320C4C919009D1AEC /* UIStoryboard+Instance.swift */,
				0A31FCE520C4C937009D1AEC /* NSObject+ClassName.swift */,
			);
			path = Extension;
			sourceTree = "<group>";
		};
		0A57C34E20C1354300660A40 /* ViewController */ = {
			isa = PBXGroup;
			children = (
				0A57C33820C10FC300660A40 /* ViewController.swift */,
				0A84F57120C1377B00D1F41C /* Main.storyboard */,
				0A31FCE720C4C963009D1AEC /* WeekViewController.swift */,
				0A31FCE920C4C973009D1AEC /* WeekViewController.storyboard */,
			);
			path = ViewController;
			sourceTree = "<group>";
		};
		0A57C34F20C1368500660A40 /* View */ = {
			isa = PBXGroup;
			children = (
				0A31FCF120C5218B009D1AEC /* MonthCell.swift */,
				0A31FCEB20C4FDDD009D1AEC /* WeekCell.swift */,
				0A31FCF320C52AAE009D1AEC /* ScheduleCell.swift */,
			);
			path = View;
			sourceTree = "<group>";
		};
/* End PBXGroup section */

/* Begin PBXNativeTarget section */
		0A57C33220C10FC300660A40 /* AppleCalendarSample */ = {
			isa = PBXNativeTarget;
			buildConfigurationList = 0A57C34520C10FC600660A40 /* Build configuration list for PBXNativeTarget "AppleCalendarSample" */;
			buildPhases = (
				0A57C32F20C10FC300660A40 /* Sources */,
				0A57C33020C10FC300660A40 /* Frameworks */,
				0A57C33120C10FC300660A40 /* Resources */,
			);
			buildRules = (
			);
			dependencies = (
			);
			name = AppleCalendarSample;
			productName = AppleCalendarSample;
			productReference = 0A57C33320C10FC300660A40 /* AppleCalendarSample.app */;
			productType = "com.apple.product-type.application";
		};
/* End PBXNativeTarget section */

/* Begin PBXProject section */
		0A57C32B20C10FC300660A40 /* Project object */ = {
			isa = PBXProject;
			attributes = {
				LastSwiftUpdateCheck = 0930;
				LastUpgradeCheck = 0930;
				ORGANIZATIONNAME = Jack;
				TargetAttributes = {
					0A57C33220C10FC300660A40 = {
						CreatedOnToolsVersion = 9.3.1;
					};
				};
			};
			buildConfigurationList = 0A57C32E20C10FC300660A40 /* Build configuration list for PBXProject "AppleCalendarSample" */;
			compatibilityVersion = "Xcode 9.3";
			developmentRegion = en;
			hasScannedForEncodings = 0;
			knownRegions = (
				en,
				Base,
			);
			mainGroup = 0A57C32A20C10FC300660A40;
			productRefGroup = 0A57C33420C10FC300660A40 /* Products */;
			projectDirPath = "";
			projectRoot = "";
			targets = (
				0A57C33220C10FC300660A40 /* AppleCalendarSample */,
			);
		};
/* End PBXProject section */

/* Begin PBXResourcesBuildPhase section */
		0A57C33120C10FC300660A40 /* Resources */ = {
			isa = PBXResourcesBuildPhase;
			buildActionMask = 2147483647;
			files = (
				0A84F57220C1377B00D1F41C /* Main.storyboard in Resources */,
				0A57C34120C10FC600660A40 /* LaunchScreen.storyboard in Resources */,
				0A57C33E20C10FC600660A40 /* Assets.xcassets in Resources */,
				0A31FCEA20C4C973009D1AEC /* WeekViewController.storyboard in Resources */,
			);
			runOnlyForDeploymentPostprocessing = 0;
		};
/* End PBXResourcesBuildPhase section */

/* Begin PBXSourcesBuildPhase section */
		0A57C32F20C10FC300660A40 /* Sources */ = {
			isa = PBXSourcesBuildPhase;
			buildActionMask = 2147483647;
			files = (
				0A31FCF220C5218B009D1AEC /* MonthCell.swift in Sources */,
				0A31FCF020C52176009D1AEC /* Date+prevAndNext.swift in Sources */,
				0A31FCE420C4C919009D1AEC /* UIStoryboard+Instance.swift in Sources */,
				0A84F57420C1466A00D1F41C /* Date+toString.swift in Sources */,
				0A31FCE620C4C937009D1AEC /* NSObject+ClassName.swift in Sources */,
				0A31FCE820C4C963009D1AEC /* WeekViewController.swift in Sources */,
				0A31FCEC20C4FDDE009D1AEC /* WeekCell.swift in Sources */,
				0A31FCEE20C52158009D1AEC /* Model.swift in Sources */,
				0A57C33920C10FC300660A40 /* ViewController.swift in Sources */,
				0A31FCF420C52AAE009D1AEC /* ScheduleCell.swift in Sources */,
				0A57C33720C10FC300660A40 /* AppDelegate.swift in Sources */,
			);
			runOnlyForDeploymentPostprocessing = 0;
		};
/* End PBXSourcesBuildPhase section */

/* Begin PBXVariantGroup section */
		0A57C33F20C10FC600660A40 /* LaunchScreen.storyboard */ = {
			isa = PBXVariantGroup;
			children = (
				0A57C34020C10FC600660A40 /* Base */,
			);
			name = LaunchScreen.storyboard;
			sourceTree = "<group>";
		};
/* End PBXVariantGroup section */

/* Begin XCBuildConfiguration section */
		0A57C34320C10FC600660A40 /* Debug */ = {
			isa = XCBuildConfiguration;
			buildSettings = {
				ALWAYS_SEARCH_USER_PATHS = NO;
				CLANG_ANALYZER_NONNULL = YES;
				CLANG_ANALYZER_NUMBER_OBJECT_CONVERSION = YES_AGGRESSIVE;
				CLANG_CXX_LANGUAGE_STANDARD = "gnu++14";
				CLANG_CXX_LIBRARY = "libc++";
				CLANG_ENABLE_MODULES = YES;
				CLANG_ENABLE_OBJC_ARC = YES;
				CLANG_ENABLE_OBJC_WEAK = YES;
				CLANG_WARN_BLOCK_CAPTURE_AUTORELEASING = YES;
				CLANG_WARN_BOOL_CONVERSION = YES;
				CLANG_WARN_COMMA = YES;
				CLANG_WARN_CONSTANT_CONVERSION = YES;
				CLANG_WARN_DEPRECATED_OBJC_IMPLEMENTATIONS = YES;
				CLANG_WARN_DIRECT_OBJC_ISA_USAGE = YES_ERROR;
				CLANG_WARN_DOCUMENTATION_COMMENTS = YES;
				CLANG_WARN_EMPTY_BODY = YES;
				CLANG_WARN_ENUM_CONVERSION = YES;
				CLANG_WARN_INFINITE_RECURSION = YES;
				CLANG_WARN_INT_CONVERSION = YES;
				CLANG_WARN_NON_LITERAL_NULL_CONVERSION = YES;
				CLANG_WARN_OBJC_IMPLICIT_RETAIN_SELF = YES;
				CLANG_WARN_OBJC_LITERAL_CONVERSION = YES;
				CLANG_WARN_OBJC_ROOT_CLASS = YES_ERROR;
				CLANG_WARN_RANGE_LOOP_ANALYSIS = YES;
				CLANG_WARN_STRICT_PROTOTYPES = YES;
				CLANG_WARN_SUSPICIOUS_MOVE = YES;
				CLANG_WARN_UNGUARDED_AVAILABILITY = YES_AGGRESSIVE;
				CLANG_WARN_UNREACHABLE_CODE = YES;
				CLANG_WARN__DUPLICATE_METHOD_MATCH = YES;
				CODE_SIGN_IDENTITY = "iPhone Developer";
				COPY_PHASE_STRIP = NO;
				DEBUG_INFORMATION_FORMAT = dwarf;
				ENABLE_STRICT_OBJC_MSGSEND = YES;
				ENABLE_TESTABILITY = YES;
				GCC_C_LANGUAGE_STANDARD = gnu11;
				GCC_DYNAMIC_NO_PIC = NO;
				GCC_NO_COMMON_BLOCKS = YES;
				GCC_OPTIMIZATION_LEVEL = 0;
				GCC_PREPROCESSOR_DEFINITIONS = (
					"DEBUG=1",
					"$(inherited)",
				);
				GCC_WARN_64_TO_32_BIT_CONVERSION = YES;
				GCC_WARN_ABOUT_RETURN_TYPE = YES_ERROR;
				GCC_WARN_UNDECLARED_SELECTOR = YES;
				GCC_WARN_UNINITIALIZED_AUTOS = YES_AGGRESSIVE;
				GCC_WARN_UNUSED_FUNCTION = YES;
				GCC_WARN_UNUSED_VARIABLE = YES;
				IPHONEOS_DEPLOYMENT_TARGET = 11.3;
				MTL_ENABLE_DEBUG_INFO = YES;
				ONLY_ACTIVE_ARCH = YES;
				SDKROOT = iphoneos;
				SWIFT_ACTIVE_COMPILATION_CONDITIONS = DEBUG;
				SWIFT_OPTIMIZATION_LEVEL = "-Onone";
			};
			name = Debug;
		};
		0A57C34420C10FC600660A40 /* Release */ = {
			isa = XCBuildConfiguration;
			buildSettings = {
				ALWAYS_SEARCH_USER_PATHS = NO;
				CLANG_ANALYZER_NONNULL = YES;
				CLANG_ANALYZER_NUMBER_OBJECT_CONVERSION = YES_AGGRESSIVE;
				CLANG_CXX_LANGUAGE_STANDARD = "gnu++14";
				CLANG_CXX_LIBRARY = "libc++";
				CLANG_ENABLE_MODULES = YES;
				CLANG_ENABLE_OBJC_ARC = YES;
				CLANG_ENABLE_OBJC_WEAK = YES;
				CLANG_WARN_BLOCK_CAPTURE_AUTORELEASING = YES;
				CLANG_WARN_BOOL_CONVERSION = YES;
				CLANG_WARN_COMMA = YES;
				CLANG_WARN_CONSTANT_CONVERSION = YES;
				CLANG_WARN_DEPRECATED_OBJC_IMPLEMENTATIONS = YES;
				CLANG_WARN_DIRECT_OBJC_ISA_USAGE = YES_ERROR;
				CLANG_WARN_DOCUMENTATION_COMMENTS = YES;
				CLANG_WARN_EMPTY_BODY = YES;
				CLANG_WARN_ENUM_CONVERSION = YES;
				CLANG_WARN_INFINITE_RECURSION = YES;
				CLANG_WARN_INT_CONVERSION = YES;
				CLANG_WARN_NON_LITERAL_NULL_CONVERSION = YES;
				CLANG_WARN_OBJC_IMPLICIT_RETAIN_SELF = YES;
				CLANG_WARN_OBJC_LITERAL_CONVERSION = YES;
				CLANG_WARN_OBJC_ROOT_CLASS = YES_ERROR;
				CLANG_WARN_RANGE_LOOP_ANALYSIS = YES;
				CLANG_WARN_STRICT_PROTOTYPES = YES;
				CLANG_WARN_SUSPICIOUS_MOVE = YES;
				CLANG_WARN_UNGUARDED_AVAILABILITY = YES_AGGRESSIVE;
				CLANG_WARN_UNREACHABLE_CODE = YES;
				CLANG_WARN__DUPLICATE_METHOD_MATCH = YES;
				CODE_SIGN_IDENTITY = "iPhone Developer";
				COPY_PHASE_STRIP = NO;
				DEBUG_INFORMATION_FORMAT = "dwarf-with-dsym";
				ENABLE_NS_ASSERTIONS = NO;
				ENABLE_STRICT_OBJC_MSGSEND = YES;
				GCC_C_LANGUAGE_STANDARD = gnu11;
				GCC_NO_COMMON_BLOCKS = YES;
				GCC_WARN_64_TO_32_BIT_CONVERSION = YES;
				GCC_WARN_ABOUT_RETURN_TYPE = YES_ERROR;
				GCC_WARN_UNDECLARED_SELECTOR = YES;
				GCC_WARN_UNINITIALIZED_AUTOS = YES_AGGRESSIVE;
				GCC_WARN_UNUSED_FUNCTION = YES;
				GCC_WARN_UNUSED_VARIABLE = YES;
				IPHONEOS_DEPLOYMENT_TARGET = 11.3;
				MTL_ENABLE_DEBUG_INFO = NO;
				SDKROOT = iphoneos;
				SWIFT_COMPILATION_MODE = wholemodule;
				SWIFT_OPTIMIZATION_LEVEL = "-O";
				VALIDATE_PRODUCT = YES;
			};
			name = Release;
		};
		0A57C34620C10FC600660A40 /* Debug */ = {
			isa = XCBuildConfiguration;
			buildSettings = {
				ASSETCATALOG_COMPILER_APPICON_NAME = AppIcon;
				CODE_SIGN_STYLE = Automatic;
				DEVELOPMENT_TEAM = PCCZJUYRT6;
				INFOPLIST_FILE = AppleCalendarSample/Info.plist;
				LD_RUNPATH_SEARCH_PATHS = (
					"$(inherited)",
					"@executable_path/Frameworks",
				);
				PRODUCT_BUNDLE_IDENTIFIER = Jack.AppleCalendarSample;
				PRODUCT_NAME = "$(TARGET_NAME)";
				SWIFT_VERSION = 4.0;
				TARGETED_DEVICE_FAMILY = "1,2";
			};
			name = Debug;
		};
		0A57C34720C10FC600660A40 /* Release */ = {
			isa = XCBuildConfiguration;
			buildSettings = {
				ASSETCATALOG_COMPILER_APPICON_NAME = AppIcon;
				CODE_SIGN_STYLE = Automatic;
				DEVELOPMENT_TEAM = PCCZJUYRT6;
				INFOPLIST_FILE = AppleCalendarSample/Info.plist;
				LD_RUNPATH_SEARCH_PATHS = (
					"$(inherited)",
					"@executable_path/Frameworks",
				);
				PRODUCT_BUNDLE_IDENTIFIER = Jack.AppleCalendarSample;
				PRODUCT_NAME = "$(TARGET_NAME)";
				SWIFT_VERSION = 4.0;
				TARGETED_DEVICE_FAMILY = "1,2";
			};
			name = Release;
		};
/* End XCBuildConfiguration section */

/* Begin XCConfigurationList section */
		0A57C32E20C10FC300660A40 /* Build configuration list for PBXProject "AppleCalendarSample" */ = {
			isa = XCConfigurationList;
			buildConfigurations = (
				0A57C34320C10FC600660A40 /* Debug */,
				0A57C34420C10FC600660A40 /* Release */,
			);
			defaultConfigurationIsVisible = 0;
			defaultConfigurationName = Release;
		};
		0A57C34520C10FC600660A40 /* Build configuration list for PBXNativeTarget "AppleCalendarSample" */ = {
			isa = XCConfigurationList;
			buildConfigurations = (
				0A57C34620C10FC600660A40 /* Debug */,
				0A57C34720C10FC600660A40 /* Release */,
			);
			defaultConfigurationIsVisible = 0;
			defaultConfigurationName = Release;
		};
/* End XCConfigurationList section */
	};
	rootObject = 0A57C32B20C10FC300660A40 /* Project object */;
}
